{
  "nodes": {
    "disko": {
      "inputs": {
        "nixpkgs": "nixpkgs"
      },
      "locked": {
        "lastModified": 1726396892,
        "narHash": "sha256-KRGuT5nGRAOT3heigRWg41tbYpTpapGhsWc+XjnIx0w=",
        "owner": "nix-community",
        "repo": "disko",
        "rev": "51e3a7e51279fedfb6669a00d21dc5936c78a6ce",
        "type": "github"
      },
      "original": {
        "owner": "nix-community",
        "repo": "disko",
        "type": "github"
      }
    },
    "nixpkgs": {
      "locked": {
        "lastModified": 1725194671,
        "narHash": "sha256-tLGCFEFTB5TaOKkpfw3iYT9dnk4awTP/q4w+ROpMfuw=",
        "owner": "NixOS",
        "repo": "nixpkgs",
        "rev": "b833ff01a0d694b910daca6e2ff4a3f26dee478c",
        "type": "github"
      },
      "original": {
        "owner": "NixOS",
        "ref": "nixpkgs-unstable",
        "repo": "nixpkgs",
        "type": "github"
      }
    },
    "nixpkgs_2": {
      "locked": {
        "lastModified": 1726419154,
        "narHash": "sha256-BtDfnUi7KNB1R83UXc7wVDZ6NJ84ImG2asdithvOAdU=",
        "owner": "colemickens",
        "repo": "nixpkgs",
        "rev": "f92487ca8138d899d0df264fbcbb0ec59f8b1b75",
        "type": "github"
      },
      "original": {
        "owner": "colemickens",
        "ref": "cmpkgs",
        "repo": "nixpkgs",
        "type": "github"
      }
    },
    "root": {
      "inputs": {
        "disko": "disko",
        "nixpkgs": "nixpkgs_2"
      }
    }
  },
  "root": "root",
  "version": 7
}
